{
    "_meta": {
        "hash": {
            "sha256": "5c18e1d16f59b0cfde8fe7c3336677a022d08a65a0b2365b53ee1902560513ce"
        },
        "pipfile-spec": 6,
        "requires": {
            "python_version": "3.8"
        },
        "sources": [
            {
                "name": "pypi",
                "url": "https://pypi.org/simple",
                "verify_ssl": true
            }
        ]
    },
    "default": {
        "asgiref": {
            "hashes": [
                "sha256:92906c611ce6c967347bbfea733f13d6313901d54dcca88195eaeb52b2a8e8ee",
                "sha256:d1216dfbdfb63826470995d31caed36225dcaf34f182e0fa257a4dd9e86f1b78"
            ],
            "markers": "python_version >= '3.6'",
            "version": "==3.3.4"
        },
        "django": {
            "hashes": [
                "sha256:a523d62b7ab2908f551dabc32b99017a86aa7784e32b761708e52be3dce6d35d",
                "sha256:dc41bf07357f1f4810c1c555b685cb51f780b41e37892d6cc92b89789f2847e1"
            ],
            "index": "pypi",
            "version": "==3.1.12"
        },
        "django-cors-headers": {
            "hashes": [
                "sha256:9322255c296d5f75089571f29e520c83ff9693df17aa3cf9f6a4bea7c6740169",
                "sha256:db82b2840f667d47872ae3e4a4e0a0d72fbecb42779b8aa233fa8bb965f7836a"
            ],
            "index": "pypi",
            "version": "==3.5.0"
        },
        "django-filter": {
            "hashes": [
                "sha256:11e63dd759835d9ba7a763926ffb2662cf8a6dcb4c7971a95064de34dbc7e5af",
                "sha256:616848eab6fc50193a1b3730140c49b60c57a3eda1f7fc57fa8505ac156c6c75"
            ],
            "index": "pypi",
            "version": "==2.3.0"
        },
        "django-guardian": {
            "hashes": [
                "sha256:0e70706c6cda88ddaf8849bddb525b8df49de05ba0798d4b3506049f0d95cbc8",
                "sha256:ed2de26e4defb800919c5749fb1bbe370d72829fbd72895b6cf4f7f1a7607e1b"
            ],
            "index": "pypi",
            "version": "==2.3.0"
        },
        "djangorestframework": {
            "hashes": [
                "sha256:6dd02d5a4bd2516fb93f80360673bf540c3b6641fec8766b1da2870a5aa00b32",
                "sha256:8b1ac62c581dbc5799b03e535854b92fc4053ecfe74bad3f9c05782063d4196b"
            ],
            "index": "pypi",
            "version": "==3.11.1"
        },
        "markdown": {
            "hashes": [
                "sha256:1fafe3f1ecabfb514a5285fca634a53c1b32a81cb0feb154264d55bf2ff22c17",
                "sha256:c467cd6233885534bf0fe96e62e3cf46cfc1605112356c4f9981512b8174de59"
            ],
            "index": "pypi",
            "version": "==3.2.2"
        },
        "pytz": {
            "hashes": [
                "sha256:83a4a90894bf38e243cf052c8b58f381bfe9a7a483f6a9cab140bc7f702ac4da",
                "sha256:eb10ce3e7736052ed3623d49975ce333bcd712c7bb19a58b9e2089d4057d0798"
            ],
            "version": "==2021.1"
        },
        "sqlparse": {
            "hashes": [
                "sha256:017cde379adbd6a1f15a61873f43e8274179378e95ef3fede90b5aa64d304ed0",
                "sha256:0f91fd2e829c44362cbcfab3e9ae12e22badaa8a29ad5ff599f9ec109f0454e8"
            ],
            "markers": "python_version >= '3.5'",
            "version": "==0.4.1"
        }
    },
    "develop": {}
}
